
Microsoft Visual Studio Solution File, Format Version 12.00
Project("{FAE04EC0-301F-11D3-BF4B-00C04F79EFBC}") = "Core", "Core\Core.csproj", "{8829FAF6-FA86-4ACC-AF68-F46CC896E9D6}"
EndProject
Project("{FAE04EC0-301F-11D3-BF4B-00C04F79EFBC}") = "RoboMaster2025UC", "RoboMaster2025UC\RoboMaster2025UC.csproj", "{E1A94DCF-2438-4DA5-B91C-937B75AC27E2}"
EndProject
Project("{FAE04EC0-301F-11D3-BF4B-00C04F79EFBC}") = "RoboMaster2025UL", "RoboMaster2025UL\RoboMaster2025UL.csproj", "{1C0B18E1-521E-4B37-8F1E-2C8838C47345}"
EndProject
Project("{FAE04EC0-301F-11D3-BF4B-00C04F79EFBC}") = "RoboMaster2026UC", "RoboMaster2026UC\RoboMaster2026UC.csproj", "{9AE1FBFF-6F9E-4774-A23A-E338A065C714}"
EndProject
Project("{FAE04EC0-301F-11D3-BF4B-00C04F79EFBC}") = "RoboMaster2026UL", "RoboMaster2026UL\RoboMaster2026UL.csproj", "{E4BC3327-5729-4781-88E9-256128EAD1A0}"
EndProject
Project("{FAE04EC0-301F-11D3-BF4B-00C04F79EFBC}") = "RoboMaster2026EC", "RoboMaster2026EC\RoboMaster2026EC.csproj", "{F0AFD528-AD77-4ABE-89AC-BA2D6984355A}"
EndProject
Project("{FAE04EC0-301F-11D3-BF4B-00C04F79EFBC}") = "RoboMaster2026IM", "RoboMaster2026IM\RoboMaster2026IM.csproj", "{A3BD922F-0294-4D47-B659-765BE5CA34EC}"
EndProject
Project("{FAE04EC0-301F-11D3-BF4B-00C04F79EFBC}") = "RoboMaster2024UC", "RoboMaster2024UC\RoboMaster2024UC.csproj", "{0F93CC71-46D1-4B52-BB28-7B9FE03AD69E}"
EndProject
Project("{FAE04EC0-301F-11D3-BF4B-00C04F79EFBC}") = "RoboMaster2024UL", "RoboMaster2024UL\RoboMaster2024UL.csproj", "{0F7D48AC-0382-4232-844D-DD54B197F4C2}"
EndProject
Project("{FAE04EC0-301F-11D3-BF4B-00C04F79EFBC}") = "SourceGenerator", "SourceGenerator\SourceGenerator.csproj", "{E8D67B07-8A88-49B9-B11B-F64B2AF2EF20}"
EndProject
Global
	GlobalSection(SolutionConfigurationPlatforms) = preSolution
		Debug|Any CPU = Debug|Any CPU
		Release|Any CPU = Release|Any CPU
	EndGlobalSection
	GlobalSection(ProjectConfigurationPlatforms) = postSolution
		{8829FAF6-FA86-4ACC-AF68-F46CC896E9D6}.Debug|Any CPU.ActiveCfg = Debug|Any CPU
		{8829FAF6-FA86-4ACC-AF68-F46CC896E9D6}.Debug|Any CPU.Build.0 = Debug|Any CPU
		{8829FAF6-FA86-4ACC-AF68-F46CC896E9D6}.Release|Any CPU.ActiveCfg = Release|Any CPU
		{8829FAF6-FA86-4ACC-AF68-F46CC896E9D6}.Release|Any CPU.Build.0 = Release|Any CPU
		{E1A94DCF-2438-4DA5-B91C-937B75AC27E2}.Debug|Any CPU.ActiveCfg = Debug|Any CPU
		{E1A94DCF-2438-4DA5-B91C-937B75AC27E2}.Debug|Any CPU.Build.0 = Debug|Any CPU
		{E1A94DCF-2438-4DA5-B91C-937B75AC27E2}.Release|Any CPU.ActiveCfg = Release|Any CPU
		{E1A94DCF-2438-4DA5-B91C-937B75AC27E2}.Release|Any CPU.Build.0 = Release|Any CPU
		{1C0B18E1-521E-4B37-8F1E-2C8838C47345}.Debug|Any CPU.ActiveCfg = Debug|Any CPU
		{1C0B18E1-521E-4B37-8F1E-2C8838C47345}.Debug|Any CPU.Build.0 = Debug|Any CPU
		{1C0B18E1-521E-4B37-8F1E-2C8838C47345}.Release|Any CPU.ActiveCfg = Release|Any CPU
		{1C0B18E1-521E-4B37-8F1E-2C8838C47345}.Release|Any CPU.Build.0 = Release|Any CPU
		{9AE1FBFF-6F9E-4774-A23A-E338A065C714}.Debug|Any CPU.ActiveCfg = Debug|Any CPU
		{9AE1FBFF-6F9E-4774-A23A-E338A065C714}.Debug|Any CPU.Build.0 = Debug|Any CPU
		{9AE1FBFF-6F9E-4774-A23A-E338A065C714}.Release|Any CPU.ActiveCfg = Release|Any CPU
		{9AE1FBFF-6F9E-4774-A23A-E338A065C714}.Release|Any CPU.Build.0 = Release|Any CPU
		{E4BC3327-5729-4781-88E9-256128EAD1A0}.Debug|Any CPU.ActiveCfg = Debug|Any CPU
		{E4BC3327-5729-4781-88E9-256128EAD1A0}.Debug|Any CPU.Build.0 = Debug|Any CPU
		{E4BC3327-5729-4781-88E9-256128EAD1A0}.Release|Any CPU.ActiveCfg = Release|Any CPU
		{E4BC3327-5729-4781-88E9-256128EAD1A0}.Release|Any CPU.Build.0 = Release|Any CPU
		{F0AFD528-AD77-4ABE-89AC-BA2D6984355A}.Debug|Any CPU.ActiveCfg = Debug|Any CPU
		{F0AFD528-AD77-4ABE-89AC-BA2D6984355A}.Debug|Any CPU.Build.0 = Debug|Any CPU
		{F0AFD528-AD77-4ABE-89AC-BA2D6984355A}.Release|Any CPU.ActiveCfg = Release|Any CPU
		{F0AFD528-AD77-4ABE-89AC-BA2D6984355A}.Release|Any CPU.Build.0 = Release|Any CPU
		{A3BD922F-0294-4D47-B659-765BE5CA34EC}.Debug|Any CPU.ActiveCfg = Debug|Any CPU
		{A3BD922F-0294-4D47-B659-765BE5CA34EC}.Debug|Any CPU.Build.0 = Debug|Any CPU
		{A3BD922F-0294-4D47-B659-765BE5CA34EC}.Release|Any CPU.ActiveCfg = Release|Any CPU
		{A3BD922F-0294-4D47-B659-765BE5CA34EC}.Release|Any CPU.Build.0 = Release|Any CPU
		{0F93CC71-46D1-4B52-BB28-7B9FE03AD69E}.Debug|Any CPU.ActiveCfg = Debug|Any CPU
		{0F93CC71-46D1-4B52-BB28-7B9FE03AD69E}.Debug|Any CPU.Build.0 = Debug|Any CPU
		{0F93CC71-46D1-4B52-BB28-7B9FE03AD69E}.Release|Any CPU.ActiveCfg = Release|Any CPU
		{0F93CC71-46D1-4B52-BB28-7B9FE03AD69E}.Release|Any CPU.Build.0 = Release|Any CPU
		{0F7D48AC-0382-4232-844D-DD54B197F4C2}.Debug|Any CPU.ActiveCfg = Debug|Any CPU
		{0F7D48AC-0382-4232-844D-DD54B197F4C2}.Debug|Any CPU.Build.0 = Debug|Any CPU
		{0F7D48AC-0382-4232-844D-DD54B197F4C2}.Release|Any CPU.ActiveCfg = Release|Any CPU
		{0F7D48AC-0382-4232-844D-DD54B197F4C2}.Release|Any CPU.Build.0 = Release|Any CPU
		{E8D67B07-8A88-49B9-B11B-F64B2AF2EF20}.Debug|Any CPU.ActiveCfg = Debug|Any CPU
		{E8D67B07-8A88-49B9-B11B-F64B2AF2EF20}.Debug|Any CPU.Build.0 = Debug|Any CPU
		{E8D67B07-8A88-49B9-B11B-F64B2AF2EF20}.Release|Any CPU.ActiveCfg = Release|Any CPU
		{E8D67B07-8A88-49B9-B11B-F64B2AF2EF20}.Release|Any CPU.Build.0 = Release|Any CPU
	EndGlobalSection
EndGlobal
